// !$*UTF8*$!
{
	archiveVersion = 1;
	classes = {
	};
	objectVersion = 46;
	objects = {

/* Begin PBXBuildFile section */
		4D078C811EBA0F15006050CB /* AllListsViewController.swift in Sources */ = {isa = PBXBuildFile; fileRef = 4D078C801EBA0F15006050CB /* AllListsViewController.swift */; };
		4D078C831EBA12FA006050CB /* Checklist.swift in Sources */ = {isa = PBXBuildFile; fileRef = 4D078C821EBA12FA006050CB /* Checklist.swift */; };
		4D078C851EBA1883006050CB /* ListDetailViewController.swift in Sources */ = {isa = PBXBuildFile; fileRef = 4D078C841EBA1883006050CB /* ListDetailViewController.swift */; };
		4D6A4B391EB6448A00EBEF19 /* AppDelegate.swift in Sources */ = {isa = PBXBuildFile; fileRef = 4D6A4B381EB6448A00EBEF19 /* AppDelegate.swift */; };
		4D6A4B3B1EB6448A00EBEF19 /* ChecklistViewController.swift in Sources */ = {isa = PBXBuildFile; fileRef = 4D6A4B3A1EB6448A00EBEF19 /* ChecklistViewController.swift */; };
		4D6A4B3E1EB6448A00EBEF19 /* Main.storyboard in Resources */ = {isa = PBXBuildFile; fileRef = 4D6A4B3C1EB6448A00EBEF19 /* Main.storyboard */; };
		4D6A4B401EB6448A00EBEF19 /* Assets.xcassets in Resources */ = {isa = PBXBuildFile; fileRef = 4D6A4B3F1EB6448A00EBEF19 /* Assets.xcassets */; };
		4D6A4B431EB6448A00EBEF19 /* LaunchScreen.storyboard in Resources */ = {isa = PBXBuildFile; fileRef = 4D6A4B411EB6448A00EBEF19 /* LaunchScreen.storyboard */; };
		4D6A4B4E1EB87F8000EBEF19 /* ChecklistItem.swift in Sources */ = {isa = PBXBuildFile; fileRef = 4D6A4B4D1EB87F8000EBEF19 /* ChecklistItem.swift */; };
		4D6A4B501EB8BAE200EBEF19 /* ItemDetailViewController.swift in Sources */ = {isa = PBXBuildFile; fileRef = 4D6A4B4F1EB8BAE200EBEF19 /* ItemDetailViewController.swift */; };
		4DB82D391EBB652900CA5AEA /* DataModel.swift in Sources */ = {isa = PBXBuildFile; fileRef = 4DB82D381EBB652900CA5AEA /* DataModel.swift */; };
/* End PBXBuildFile section */

/* Begin PBXFileReference section */
		4D078C801EBA0F15006050CB /* AllListsViewController.swift */ = {isa = PBXFileReference; fileEncoding = 4; lastKnownFileType = sourcecode.swift; path = AllListsViewController.swift; sourceTree = "<group>"; };
		4D078C821EBA12FA006050CB /* Checklist.swift */ = {isa = PBXFileReference; fileEncoding = 4; lastKnownFileType = sourcecode.swift; path = Checklist.swift; sourceTree = "<group>"; };
		4D078C841EBA1883006050CB /* ListDetailViewController.swift */ = {isa = PBXFileReference; fileEncoding = 4; lastKnownFileType = sourcecode.swift; path = ListDetailViewController.swift; sourceTree = "<group>"; };
		4D6A4B351EB6448A00EBEF19 /* Checklists.app */ = {isa = PBXFileReference; explicitFileType = wrapper.application; includeInIndex = 0; path = Checklists.app; sourceTree = BUILT_PRODUCTS_DIR; };
		4D6A4B381EB6448A00EBEF19 /* AppDelegate.swift */ = {isa = PBXFileReference; lastKnownFileType = sourcecode.swift; path = AppDelegate.swift; sourceTree = "<group>"; };
		4D6A4B3A1EB6448A00EBEF19 /* ChecklistViewController.swift */ = {isa = PBXFileReference; lastKnownFileType = sourcecode.swift; lineEnding = 0; path = ChecklistViewController.swift; sourceTree = "<group>"; xcLanguageSpecificationIdentifier = xcode.lang.swift; };
		4D6A4B3D1EB6448A00EBEF19 /* Base */ = {isa = PBXFileReference; lastKnownFileType = file.storyboard; name = Base; path = Base.lproj/Main.storyboard; sourceTree = "<group>"; };
		4D6A4B3F1EB6448A00EBEF19 /* Assets.xcassets */ = {isa = PBXFileReference; lastKnownFileType = folder.assetcatalog; path = Assets.xcassets; sourceTree = "<group>"; };
		4D6A4B421EB6448A00EBEF19 /* Base */ = {isa = PBXFileReference; lastKnownFileType = file.storyboard; name = Base; path = Base.lproj/LaunchScreen.storyboard; sourceTree = "<group>"; };
		4D6A4B441EB6448A00EBEF19 /* Info.plist */ = {isa = PBXFileReference; lastKnownFileType = text.plist.xml; path = Info.plist; sourceTree = "<group>"; };
		4D6A4B4D1EB87F8000EBEF19 /* ChecklistItem.swift */ = {isa = PBXFileReference; fileEncoding = 4; lastKnownFileType = sourcecode.swift; path = ChecklistItem.swift; sourceTree = "<group>"; };
		4D6A4B4F1EB8BAE200EBEF19 /* ItemDetailViewController.swift */ = {isa = PBXFileReference; fileEncoding = 4; lastKnownFileType = sourcecode.swift; lineEnding = 0; path = ItemDetailViewController.swift; sourceTree = "<group>"; xcLanguageSpecificationIdentifier = xcode.lang.swift; };
		4DB82D381EBB652900CA5AEA /* DataModel.swift */ = {isa = PBXFileReference; fileEncoding = 4; lastKnownFileType = sourcecode.swift; path = DataModel.swift; sourceTree = "<group>"; };
/* End PBXFileReference section */

/* Begin PBXFrameworksBuildPhase section */
		4D6A4B321EB6448A00EBEF19 /* Frameworks */ = {
			isa = PBXFrameworksBuildPhase;
			buildActionMask = 2147483647;
			files = (
			);
			runOnlyForDeploymentPostprocessing = 0;
		};
/* End PBXFrameworksBuildPhase section */

/* Begin PBXGroup section */
		4D6A4B2C1EB6448A00EBEF19 = {
			isa = PBXGroup;
			children = (
				4D6A4B371EB6448A00EBEF19 /* Checklists */,
				4D6A4B361EB6448A00EBEF19 /* Products */,
			);
			sourceTree = "<group>";
		};
		4D6A4B361EB6448A00EBEF19 /* Products */ = {
			isa = PBXGroup;
			children = (
				4D6A4B351EB6448A00EBEF19 /* Checklists.app */,
			);
			name = Products;
			sourceTree = "<group>";
		};
		4D6A4B371EB6448A00EBEF19 /* Checklists */ = {
			isa = PBXGroup;
			children = (
				4D6A4B4C1EB6505700EBEF19 /* Model */,
				4D6A4B4B1EB6505100EBEF19 /* View */,
				4D6A4B4A1EB6504500EBEF19 /* Controller */,
				4D6A4B381EB6448A00EBEF19 /* AppDelegate.swift */,
				4D6A4B3C1EB6448A00EBEF19 /* Main.storyboard */,
				4D6A4B3F1EB6448A00EBEF19 /* Assets.xcassets */,
				4D6A4B411EB6448A00EBEF19 /* LaunchScreen.storyboard */,
				4D6A4B441EB6448A00EBEF19 /* Info.plist */,
			);
			path = Checklists;
			sourceTree = "<group>";
		};
		4D6A4B4A1EB6504500EBEF19 /* Controller */ = {
			isa = PBXGroup;
			children = (
				4D6A4B3A1EB6448A00EBEF19 /* ChecklistViewController.swift */,
				4D6A4B4F1EB8BAE200EBEF19 /* ItemDetailViewController.swift */,
				4D078C801EBA0F15006050CB /* AllListsViewController.swift */,
				4D078C841EBA1883006050CB /* ListDetailViewController.swift */,
			);
			name = Controller;
			sourceTree = "<group>";
		};
		4D6A4B4B1EB6505100EBEF19 /* View */ = {
			isa = PBXGroup;
			children = (
			);
			name = View;
			sourceTree = "<group>";
		};
		4D6A4B4C1EB6505700EBEF19 /* Model */ = {
			isa = PBXGroup;
			children = (
				4D6A4B4D1EB87F8000EBEF19 /* ChecklistItem.swift */,
				4D078C821EBA12FA006050CB /* Checklist.swift */,
				4DB82D381EBB652900CA5AEA /* DataModel.swift */,
			);
			name = Model;
			sourceTree = "<group>";
		};
/* End PBXGroup section */

/* Begin PBXNativeTarget section */
		4D6A4B341EB6448A00EBEF19 /* Checklists */ = {
			isa = PBXNativeTarget;
			buildConfigurationList = 4D6A4B471EB6448A00EBEF19 /* Build configuration list for PBXNativeTarget "Checklists" */;
			buildPhases = (
				4D6A4B311EB6448A00EBEF19 /* Sources */,
				4D6A4B321EB6448A00EBEF19 /* Frameworks */,
				4D6A4B331EB6448A00EBEF19 /* Resources */,
			);
			buildRules = (
			);
			dependencies = (
			);
			name = Checklists;
			productName = Checklists;
			productReference = 4D6A4B351EB6448A00EBEF19 /* Checklists.app */;
			productType = "com.apple.product-type.application";
		};
/* End PBXNativeTarget section */

/* Begin PBXProject section */
		4D6A4B2D1EB6448A00EBEF19 /* Project object */ = {
			isa = PBXProject;
			attributes = {
				LastSwiftUpdateCheck = 0830;
				LastUpgradeCheck = 0830;
				ORGANIZATIONNAME = "Laurent Liu";
				TargetAttributes = {
					4D6A4B341EB6448A00EBEF19 = {
						CreatedOnToolsVersion = 8.3.1;
						DevelopmentTeam = 7XU99E8K2E;
						ProvisioningStyle = Automatic;
					};
				};
			};
			buildConfigurationList = 4D6A4B301EB6448A00EBEF19 /* Build configuration list for PBXProject "Checklists" */;
			compatibilityVersion = "Xcode 3.2";
			developmentRegion = English;
			hasScannedForEncodings = 0;
			knownRegions = (
				en,
				Base,
			);
			mainGroup = 4D6A4B2C1EB6448A00EBEF19;
			productRefGroup = 4D6A4B361EB6448A00EBEF19 /* Products */;
			projectDirPath = "";
			projectRoot = "";
			targets = (
				4D6A4B341EB6448A00EBEF19 /* Checklists */,
			);
		};
/* End PBXProject section */

/* Begin PBXResourcesBuildPhase section */
		4D6A4B331EB6448A00EBEF19 /* Resources */ = {
			isa = PBXResourcesBuildPhase;
			buildActionMask = 2147483647;
			files = (
				4D6A4B431EB6448A00EBEF19 /* LaunchScreen.storyboard in Resources */,
				4D6A4B401EB6448A00EBEF19 /* Assets.xcassets in Resources */,
				4D6A4B3E1EB6448A00EBEF19 /* Main.storyboard in Resources */,
			);
			runOnlyForDeploymentPostprocessing = 0;
		};
/* End PBXResourcesBuildPhase section */

/* Begin PBXSourcesBuildPhase section */
		4D6A4B311EB6448A00EBEF19 /* Sources */ = {
			isa = PBXSourcesBuildPhase;
			buildActionMask = 2147483647;
			files = (
				4D6A4B3B1EB6448A00EBEF19 /* ChecklistViewController.swift in Sources */,
				4D078C851EBA1883006050CB /* ListDetailViewController.swift in Sources */,
				4D6A4B4E1EB87F8000EBEF19 /* ChecklistItem.swift in Sources */,
				4D078C831EBA12FA006050CB /* Checklist.swift in Sources */,
				4D6A4B391EB6448A00EBEF19 /* AppDelegate.swift in Sources */,
				4DB82D391EBB652900CA5AEA /* DataModel.swift in Sources */,
				4D078C811EBA0F15006050CB /* AllListsViewController.swift in Sources */,
				4D6A4B501EB8BAE200EBEF19 /* ItemDetailViewController.swift in Sources */,
			);
			runOnlyForDeploymentPostprocessing = 0;
		};
/* End PBXSourcesBuildPhase section */

/* Begin PBXVariantGroup section */
		4D6A4B3C1EB6448A00EBEF19 /* Main.storyboard */ = {
			isa = PBXVariantGroup;
			children = (
				4D6A4B3D1EB6448A00EBEF19 /* Base */,
			);
			name = Main.storyboard;
			sourceTree = "<group>";
		};
		4D6A4B411EB6448A00EBEF19 /* LaunchScreen.storyboard */ = {
			isa = PBXVariantGroup;
			children = (
				4D6A4B421EB6448A00EBEF19 /* Base */,
			);
			name = LaunchScreen.storyboard;
			sourceTree = "<group>";
		};
/* End PBXVariantGroup section */

/* Begin XCBuildConfiguration section */
		4D6A4B451EB6448A00EBEF19 /* Debug */ = {
			isa = XCBuildConfiguration;
			buildSettings = {
				ALWAYS_SEARCH_USER_PATHS = NO;
				CLANG_ANALYZER_NONNULL = YES;
				CLANG_ANALYZER_NUMBER_OBJECT_CONVERSION = YES_AGGRESSIVE;
				CLANG_CXX_LANGUAGE_STANDARD = "gnu++0x";
				CLANG_CXX_LIBRARY = "libc++";
				CLANG_ENABLE_MODULES = YES;
				CLANG_ENABLE_OBJC_ARC = YES;
				CLANG_WARN_BOOL_CONVERSION = YES;
				CLANG_WARN_CONSTANT_CONVERSION = YES;
				CLANG_WARN_DIRECT_OBJC_ISA_USAGE = YES_ERROR;
				CLANG_WARN_DOCUMENTATION_COMMENTS = YES;
				CLANG_WARN_EMPTY_BODY = YES;
				CLANG_WARN_ENUM_CONVERSION = YES;
				CLANG_WARN_INFINITE_RECURSION = YES;
				CLANG_WARN_INT_CONVERSION = YES;
				CLANG_WARN_OBJC_ROOT_CLASS = YES_ERROR;
				CLANG_WARN_SUSPICIOUS_MOVE = YES;
				CLANG_WARN_UNREACHABLE_CODE = YES;
				CLANG_WARN__DUPLICATE_METHOD_MATCH = YES;
				"CODE_SIGN_IDENTITY[sdk=iphoneos*]" = "iPhone Developer";
				COPY_PHASE_STRIP = NO;
				DEBUG_INFORMATION_FORMAT = dwarf;
				ENABLE_STRICT_OBJC_MSGSEND = YES;
				ENABLE_TESTABILITY = YES;
				GCC_C_LANGUAGE_STANDARD = gnu99;
				GCC_DYNAMIC_NO_PIC = NO;
				GCC_NO_COMMON_BLOCKS = YES;
				GCC_OPTIMIZATION_LEVEL = 0;
				GCC_PREPROCESSOR_DEFINITIONS = (
					"DEBUG=1",
					"$(inherited)",
				);
				GCC_WARN_64_TO_32_BIT_CONVERSION = YES;
				GCC_WARN_ABOUT_RETURN_TYPE = YES_ERROR;
				GCC_WARN_UNDECLARED_SELECTOR = YES;
				GCC_WARN_UNINITIALIZED_AUTOS = YES_AGGRESSIVE;
				GCC_WARN_UNUSED_FUNCTION = YES;
				GCC_WARN_UNUSED_VARIABLE = YES;
				IPHONEOS_DEPLOYMENT_TARGET = 10.3;
				MTL_ENABLE_DEBUG_INFO = YES;
				ONLY_ACTIVE_ARCH = YES;
				SDKROOT = iphoneos;
				SWIFT_ACTIVE_COMPILATION_CONDITIONS = DEBUG;
				SWIFT_OPTIMIZATION_LEVEL = "-Onone";
			};
			name = Debug;
		};
		4D6A4B461EB6448A00EBEF19 /* Release */ = {
			isa = XCBuildConfiguration;
			buildSettings = {
				ALWAYS_SEARCH_USER_PATHS = NO;
				CLANG_ANALYZER_NONNULL = YES;
				CLANG_ANALYZER_NUMBER_OBJECT_CONVERSION = YES_AGGRESSIVE;
				CLANG_CXX_LANGUAGE_STANDARD = "gnu++0x";
				CLANG_CXX_LIBRARY = "libc++";
				CLANG_ENABLE_MODULES = YES;
				CLANG_ENABLE_OBJC_ARC = YES;
				CLANG_WARN_BOOL_CONVERSION = YES;
				CLANG_WARN_CONSTANT_CONVERSION = YES;
				CLANG_WARN_DIRECT_OBJC_ISA_USAGE = YES_ERROR;
				CLANG_WARN_DOCUMENTATION_COMMENTS = YES;
				CLANG_WARN_EMPTY_BODY = YES;
				CLANG_WARN_ENUM_CONVERSION = YES;
				CLANG_WARN_INFINITE_RECURSION = YES;
				CLANG_WARN_INT_CONVERSION = YES;
				CLANG_WARN_OBJC_ROOT_CLASS = YES_ERROR;
				CLANG_WARN_SUSPICIOUS_MOVE = YES;
				CLANG_WARN_UNREACHABLE_CODE = YES;
				CLANG_WARN__DUPLICATE_METHOD_MATCH = YES;
				"CODE_SIGN_IDENTITY[sdk=iphoneos*]" = "iPhone Developer";
				COPY_PHASE_STRIP = NO;
				DEBUG_INFORMATION_FORMAT = "dwarf-with-dsym";
				ENABLE_NS_ASSERTIONS = NO;
				ENABLE_STRICT_OBJC_MSGSEND = YES;
				GCC_C_LANGUAGE_STANDARD = gnu99;
				GCC_NO_COMMON_BLOCKS = YES;
				GCC_WARN_64_TO_32_BIT_CONVERSION = YES;
				GCC_WARN_ABOUT_RETURN_TYPE = YES_ERROR;
				GCC_WARN_UNDECLARED_SELECTOR = YES;
				GCC_WARN_UNINITIALIZED_AUTOS = YES_AGGRESSIVE;
				GCC_WARN_UNUSED_FUNCTION = YES;
				GCC_WARN_UNUSED_VARIABLE = YES;
				IPHONEOS_DEPLOYMENT_TARGET = 10.3;
				MTL_ENABLE_DEBUG_INFO = NO;
				SDKROOT = iphoneos;
				SWIFT_OPTIMIZATION_LEVEL = "-Owholemodule";
				VALIDATE_PRODUCT = YES;
			};
			name = Release;
		};
		4D6A4B481EB6448A00EBEF19 /* Debug */ = {
			isa = XCBuildConfiguration;
			buildSettings = {
				ASSETCATALOG_COMPILER_APPICON_NAME = AppIcon;
				DEVELOPMENT_TEAM = 7XU99E8K2E;
				INFOPLIST_FILE = Checklists/Info.plist;
				LD_RUNPATH_SEARCH_PATHS = "$(inherited) @executable_path/Frameworks";
				PRODUCT_BUNDLE_IDENTIFIER = com.ruofeng.Checklists;
				PRODUCT_NAME = "$(TARGET_NAME)";
				SWIFT_VERSION = 3.0;
			};
			name = Debug;
		};
		4D6A4B491EB6448A00EBEF19 /* Release */ = {
			isa = XCBuildConfiguration;
			buildSettings = {
				ASSETCATALOG_COMPILER_APPICON_NAME = AppIcon;
				DEVELOPMENT_TEAM = 7XU99E8K2E;
				INFOPLIST_FILE = Checklists/Info.plist;
				LD_RUNPATH_SEARCH_PATHS = "$(inherited) @executable_path/Frameworks";
				PRODUCT_BUNDLE_IDENTIFIER = com.ruofeng.Checklists;
				PRODUCT_NAME = "$(TARGET_NAME)";
				SWIFT_VERSION = 3.0;
			};
			name = Release;
		};
/* End XCBuildConfiguration section */

/* Begin XCConfigurationList section */
		4D6A4B301EB6448A00EBEF19 /* Build configuration list for PBXProject "Checklists" */ = {
			isa = XCConfigurationList;
			buildConfigurations = (
				4D6A4B451EB6448A00EBEF19 /* Debug */,
				4D6A4B461EB6448A00EBEF19 /* Release */,
			);
			defaultConfigurationIsVisible = 0;
			defaultConfigurationName = Release;
		};
		4D6A4B471EB6448A00EBEF19 /* Build configuration list for PBXNativeTarget "Checklists" */ = {
			isa = XCConfigurationList;
			buildConfigurations = (
				4D6A4B481EB6448A00EBEF19 /* Debug */,
				4D6A4B491EB6448A00EBEF19 /* Release */,
			);
			defaultConfigurationIsVisible = 0;
			defaultConfigurationName = Release;
		};
/* End XCConfigurationList section */
	};
	rootObject = 4D6A4B2D1EB6448A00EBEF19 /* Project object */;
}
